{
  "name": "@martians/util",
  "version": "0.0.1",
  "lockfileVersion": 1,
  "requires": true,
  "dependencies": {
    "astronomy-engine": {
      "version": "1.0.8",
      "resolved": "https://registry.npmjs.org/astronomy-engine/-/astronomy-engine-1.0.8.tgz",
      "integrity": "sha512-4Wc/EvHSyjyLB9jV6Qoms73n4bW+086V9sN1rqg+XAE7Lk1gOBBhiWosVh/AaYUFPvI9yke07GuzDclswL84XQ=="
    }
  }
}
